
Microsoft Visual Studio Solution File, Format Version 12.00
# Visual Studio Version 16
VisualStudioVersion = 16.0.30225.117
MinimumVisualStudioVersion = 10.0.40219.1
Project("{FAE04EC0-301F-11D3-BF4B-00C04F79EFBC}") = "SISWalletAdmin", "SISWalletAdmin\SISWalletAdmin.csproj", "{3158C368-EE81-422E-8DE8-E88331ABB37F}"
EndProject
Project("{FAE04EC0-301F-11D3-BF4B-00C04F79EFBC}") = "CapaDatos", "CapaDatos\CapaDatos.csproj", "{35350944-1F39-4253-BC58-9C83121EED94}"
EndProject
Project("{FAE04EC0-301F-11D3-BF4B-00C04F79EFBC}") = "CapaPresentacion", "CapaPresentacion\CapaPresentacion.csproj", "{381C52CD-8D09-46AD-B211-FC86115E86FA}"
EndProject
Project("{FAE04EC0-301F-11D3-BF4B-00C04F79EFBC}") = "CapaEntidades", "CapaEntidades\CapaEntidades.csproj", "{323CAEB3-13D0-4051-9C2F-58A3C7DB509E}"
EndProject
Project("{FAE04EC0-301F-11D3-BF4B-00C04F79EFBC}") = "CapaNegocio", "CapaNegocio\CapaNegocio.csproj", "{75B9B5D8-44DE-48D5-8726-18A04F260A73}"
EndProject
Global
	GlobalSection(SolutionConfigurationPlatforms) = preSolution
		Debug|Any CPU = Debug|Any CPU
		Release|Any CPU = Release|Any CPU
	EndGlobalSection
	GlobalSection(ProjectConfigurationPlatforms) = postSolution
		{3158C368-EE81-422E-8DE8-E88331ABB37F}.Debug|Any CPU.ActiveCfg = Debug|Any CPU
		{3158C368-EE81-422E-8DE8-E88331ABB37F}.Debug|Any CPU.Build.0 = Debug|Any CPU
		{3158C368-EE81-422E-8DE8-E88331ABB37F}.Release|Any CPU.ActiveCfg = Release|Any CPU
		{3158C368-EE81-422E-8DE8-E88331ABB37F}.Release|Any CPU.Build.0 = Release|Any CPU
		{35350944-1F39-4253-BC58-9C83121EED94}.Debug|Any CPU.ActiveCfg = Debug|Any CPU
		{35350944-1F39-4253-BC58-9C83121EED94}.Debug|Any CPU.Build.0 = Debug|Any CPU
		{35350944-1F39-4253-BC58-9C83121EED94}.Release|Any CPU.ActiveCfg = Release|Any CPU
		{35350944-1F39-4253-BC58-9C83121EED94}.Release|Any CPU.Build.0 = Release|Any CPU
		{381C52CD-8D09-46AD-B211-FC86115E86FA}.Debug|Any CPU.ActiveCfg = Debug|Any CPU
		{381C52CD-8D09-46AD-B211-FC86115E86FA}.Debug|Any CPU.Build.0 = Debug|Any CPU
		{381C52CD-8D09-46AD-B211-FC86115E86FA}.Release|Any CPU.ActiveCfg = Release|Any CPU
		{381C52CD-8D09-46AD-B211-FC86115E86FA}.Release|Any CPU.Build.0 = Release|Any CPU
		{323CAEB3-13D0-4051-9C2F-58A3C7DB509E}.Debug|Any CPU.ActiveCfg = Debug|Any CPU
		{323CAEB3-13D0-4051-9C2F-58A3C7DB509E}.Debug|Any CPU.Build.0 = Debug|Any CPU
		{323CAEB3-13D0-4051-9C2F-58A3C7DB509E}.Release|Any CPU.ActiveCfg = Release|Any CPU
		{323CAEB3-13D0-4051-9C2F-58A3C7DB509E}.Release|Any CPU.Build.0 = Release|Any CPU
		{75B9B5D8-44DE-48D5-8726-18A04F260A73}.Debug|Any CPU.ActiveCfg = Debug|Any CPU
		{75B9B5D8-44DE-48D5-8726-18A04F260A73}.Debug|Any CPU.Build.0 = Debug|Any CPU
		{75B9B5D8-44DE-48D5-8726-18A04F260A73}.Release|Any CPU.ActiveCfg = Release|Any CPU
		{75B9B5D8-44DE-48D5-8726-18A04F260A73}.Release|Any CPU.Build.0 = Release|Any CPU
	EndGlobalSection
	GlobalSection(SolutionProperties) = preSolution
		HideSolutionNode = FALSE
	EndGlobalSection
	GlobalSection(ExtensibilityGlobals) = postSolution
		SolutionGuid = {95AB104F-117E-4AFB-9481-051FFFA5B273}
	EndGlobalSection
EndGlobal
